// !$*UTF8*$!
{
	archiveVersion = 1;
	classes = {
	};
	objectVersion = 56;
	objects = {

/* Begin PBXBuildFile section */
		9316DA192CB23AC80028885C /* HomeView.swift in Sources */ = {isa = PBXBuildFile; fileRef = 9316DA182CB23AC70028885C /* HomeView.swift */; };
		9316DA1B2CB24E7B0028885C /* StateMachine.swift in Sources */ = {isa = PBXBuildFile; fileRef = 9316DA1A2CB24E7A0028885C /* StateMachine.swift */; };
		9316DA1D2CB24FF60028885C /* AddNewView.swift in Sources */ = {isa = PBXBuildFile; fileRef = 9316DA1C2CB24FF60028885C /* AddNewView.swift */; };
		9316DA1F2CB253530028885C /* EnvVariables.swift in Sources */ = {isa = PBXBuildFile; fileRef = 9316DA1E2CB253530028885C /* EnvVariables.swift */; };
		932718472CB267CE00C62DCA /* OpenView.swift in Sources */ = {isa = PBXBuildFile; fileRef = 932718462CB267CD00C62DCA /* OpenView.swift */; };
		932718492CB267E500C62DCA /* SettingView.swift in Sources */ = {isa = PBXBuildFile; fileRef = 932718482CB267E500C62DCA /* SettingView.swift */; };
		9327184B2CB2733700C62DCA /* AddNewFormView.swift in Sources */ = {isa = PBXBuildFile; fileRef = 9327184A2CB2733700C62DCA /* AddNewFormView.swift */; };
		9327184D2CB27B6300C62DCA /* DataFile.swift in Sources */ = {isa = PBXBuildFile; fileRef = 9327184C2CB27B6300C62DCA /* DataFile.swift */; };
		9329E41B2CABA52000E68117 /* ToDoApp.swift in Sources */ = {isa = PBXBuildFile; fileRef = 9329E41A2CABA52000E68117 /* ToDoApp.swift */; };
		9329E41D2CABA52000E68117 /* ContentView.swift in Sources */ = {isa = PBXBuildFile; fileRef = 9329E41C2CABA52000E68117 /* ContentView.swift */; };
		9329E41F2CABA52400E68117 /* Assets.xcassets in Resources */ = {isa = PBXBuildFile; fileRef = 9329E41E2CABA52400E68117 /* Assets.xcassets */; };
		9329E4222CABA52400E68117 /* Preview Assets.xcassets in Resources */ = {isa = PBXBuildFile; fileRef = 9329E4212CABA52400E68117 /* Preview Assets.xcassets */; };
		9329E4242CABA52400E68117 /* Persistence.swift in Sources */ = {isa = PBXBuildFile; fileRef = 9329E4232CABA52400E68117 /* Persistence.swift */; };
		9329E4272CABA52400E68117 /* ToDo.xcdatamodeld in Sources */ = {isa = PBXBuildFile; fileRef = 9329E4252CABA52400E68117 /* ToDo.xcdatamodeld */; };
		9329E4322CABA52500E68117 /* ToDoTests.swift in Sources */ = {isa = PBXBuildFile; fileRef = 9329E4312CABA52500E68117 /* ToDoTests.swift */; };
		9329E43C2CABA52500E68117 /* ToDoUITests.swift in Sources */ = {isa = PBXBuildFile; fileRef = 9329E43B2CABA52500E68117 /* ToDoUITests.swift */; };
		9329E43E2CABA52500E68117 /* ToDoUITestsLaunchTests.swift in Sources */ = {isa = PBXBuildFile; fileRef = 9329E43D2CABA52500E68117 /* ToDoUITestsLaunchTests.swift */; };
		93A710BF2CB3955300385867 /* DetailView.swift in Sources */ = {isa = PBXBuildFile; fileRef = 93A710BE2CB3955300385867 /* DetailView.swift */; };
/* End PBXBuildFile section */

/* Begin PBXContainerItemProxy section */
		9329E42E2CABA52500E68117 /* PBXContainerItemProxy */ = {
			isa = PBXContainerItemProxy;
			containerPortal = 9329E40F2CABA52000E68117 /* Project object */;
			proxyType = 1;
			remoteGlobalIDString = 9329E4162CABA52000E68117;
			remoteInfo = ToDo;
		};
		9329E4382CABA52500E68117 /* PBXContainerItemProxy */ = {
			isa = PBXContainerItemProxy;
			containerPortal = 9329E40F2CABA52000E68117 /* Project object */;
			proxyType = 1;
			remoteGlobalIDString = 9329E4162CABA52000E68117;
			remoteInfo = ToDo;
		};
/* End PBXContainerItemProxy section */

/* Begin PBXFileReference section */
		9316DA182CB23AC70028885C /* HomeView.swift */ = {isa = PBXFileReference; lastKnownFileType = sourcecode.swift; path = HomeView.swift; sourceTree = "<group>"; };
		9316DA1A2CB24E7A0028885C /* StateMachine.swift */ = {isa = PBXFileReference; lastKnownFileType = sourcecode.swift; path = StateMachine.swift; sourceTree = "<group>"; };
		9316DA1C2CB24FF60028885C /* AddNewView.swift */ = {isa = PBXFileReference; lastKnownFileType = sourcecode.swift; path = AddNewView.swift; sourceTree = "<group>"; };
		9316DA1E2CB253530028885C /* EnvVariables.swift */ = {isa = PBXFileReference; lastKnownFileType = sourcecode.swift; path = EnvVariables.swift; sourceTree = "<group>"; };
		932718462CB267CD00C62DCA /* OpenView.swift */ = {isa = PBXFileReference; lastKnownFileType = sourcecode.swift; path = OpenView.swift; sourceTree = "<group>"; };
		932718482CB267E500C62DCA /* SettingView.swift */ = {isa = PBXFileReference; lastKnownFileType = sourcecode.swift; path = SettingView.swift; sourceTree = "<group>"; };
		9327184A2CB2733700C62DCA /* AddNewFormView.swift */ = {isa = PBXFileReference; lastKnownFileType = sourcecode.swift; path = AddNewFormView.swift; sourceTree = "<group>"; };
		9327184C2CB27B6300C62DCA /* DataFile.swift */ = {isa = PBXFileReference; lastKnownFileType = sourcecode.swift; path = DataFile.swift; sourceTree = "<group>"; };
		9329E4172CABA52000E68117 /* ToDo.app */ = {isa = PBXFileReference; explicitFileType = wrapper.application; includeInIndex = 0; path = ToDo.app; sourceTree = BUILT_PRODUCTS_DIR; };
		9329E41A2CABA52000E68117 /* ToDoApp.swift */ = {isa = PBXFileReference; lastKnownFileType = sourcecode.swift; path = ToDoApp.swift; sourceTree = "<group>"; };
		9329E41C2CABA52000E68117 /* ContentView.swift */ = {isa = PBXFileReference; lastKnownFileType = sourcecode.swift; path = ContentView.swift; sourceTree = "<group>"; };
		9329E41E2CABA52400E68117 /* Assets.xcassets */ = {isa = PBXFileReference; lastKnownFileType = folder.assetcatalog; path = Assets.xcassets; sourceTree = "<group>"; };
		9329E4212CABA52400E68117 /* Preview Assets.xcassets */ = {isa = PBXFileReference; lastKnownFileType = folder.assetcatalog; path = "Preview Assets.xcassets"; sourceTree = "<group>"; };
		9329E4232CABA52400E68117 /* Persistence.swift */ = {isa = PBXFileReference; lastKnownFileType = sourcecode.swift; path = Persistence.swift; sourceTree = "<group>"; };
		9329E4262CABA52400E68117 /* ToDo.xcdatamodel */ = {isa = PBXFileReference; lastKnownFileType = wrapper.xcdatamodel; path = ToDo.xcdatamodel; sourceTree = "<group>"; };
		9329E4282CABA52400E68117 /* Info.plist */ = {isa = PBXFileReference; lastKnownFileType = text.plist.xml; path = Info.plist; sourceTree = "<group>"; };
		9329E42D2CABA52500E68117 /* ToDoTests.xctest */ = {isa = PBXFileReference; explicitFileType = wrapper.cfbundle; includeInIndex = 0; path = ToDoTests.xctest; sourceTree = BUILT_PRODUCTS_DIR; };
		9329E4312CABA52500E68117 /* ToDoTests.swift */ = {isa = PBXFileReference; lastKnownFileType = sourcecode.swift; path = ToDoTests.swift; sourceTree = "<group>"; };
		9329E4372CABA52500E68117 /* ToDoUITests.xctest */ = {isa = PBXFileReference; explicitFileType = wrapper.cfbundle; includeInIndex = 0; path = ToDoUITests.xctest; sourceTree = BUILT_PRODUCTS_DIR; };
		9329E43B2CABA52500E68117 /* ToDoUITests.swift */ = {isa = PBXFileReference; lastKnownFileType = sourcecode.swift; path = ToDoUITests.swift; sourceTree = "<group>"; };
		9329E43D2CABA52500E68117 /* ToDoUITestsLaunchTests.swift */ = {isa = PBXFileReference; lastKnownFileType = sourcecode.swift; path = ToDoUITestsLaunchTests.swift; sourceTree = "<group>"; };
		93A710BE2CB3955300385867 /* DetailView.swift */ = {isa = PBXFileReference; lastKnownFileType = sourcecode.swift; path = DetailView.swift; sourceTree = "<group>"; };
/* End PBXFileReference section */

/* Begin PBXFrameworksBuildPhase section */
		9329E4142CABA52000E68117 /* Frameworks */ = {
			isa = PBXFrameworksBuildPhase;
			buildActionMask = 2147483647;
			files = (
			);
			runOnlyForDeploymentPostprocessing = 0;
		};
		9329E42A2CABA52500E68117 /* Frameworks */ = {
			isa = PBXFrameworksBuildPhase;
			buildActionMask = 2147483647;
			files = (
			);
			runOnlyForDeploymentPostprocessing = 0;
		};
		9329E4342CABA52500E68117 /* Frameworks */ = {
			isa = PBXFrameworksBuildPhase;
			buildActionMask = 2147483647;
			files = (
			);
			runOnlyForDeploymentPostprocessing = 0;
		};
/* End PBXFrameworksBuildPhase section */

/* Begin PBXGroup section */
		9329E40E2CABA52000E68117 = {
			isa = PBXGroup;
			children = (
				9329E4192CABA52000E68117 /* ToDo */,
				9329E4302CABA52500E68117 /* ToDoTests */,
				9329E43A2CABA52500E68117 /* ToDoUITests */,
				9329E4182CABA52000E68117 /* Products */,
			);
			sourceTree = "<group>";
		};
		9329E4182CABA52000E68117 /* Products */ = {
			isa = PBXGroup;
			children = (
				9329E4172CABA52000E68117 /* ToDo.app */,
				9329E42D2CABA52500E68117 /* ToDoTests.xctest */,
				9329E4372CABA52500E68117 /* ToDoUITests.xctest */,
			);
			name = Products;
			sourceTree = "<group>";
		};
		9329E4192CABA52000E68117 /* ToDo */ = {
			isa = PBXGroup;
			children = (
				9329E41A2CABA52000E68117 /* ToDoApp.swift */,
				9316DA1A2CB24E7A0028885C /* StateMachine.swift */,
				9316DA182CB23AC70028885C /* HomeView.swift */,
				9316DA1C2CB24FF60028885C /* AddNewView.swift */,
				932718462CB267CD00C62DCA /* OpenView.swift */,
				93A710C02CB3958900385867 /* Contents */,
				932718482CB267E500C62DCA /* SettingView.swift */,
				9316DA1E2CB253530028885C /* EnvVariables.swift */,
				9327184C2CB27B6300C62DCA /* DataFile.swift */,
				9329E4232CABA52400E68117 /* Persistence.swift */,
				9329E41E2CABA52400E68117 /* Assets.xcassets */,
				9329E4282CABA52400E68117 /* Info.plist */,
				9329E4252CABA52400E68117 /* ToDo.xcdatamodeld */,
				9329E4202CABA52400E68117 /* Preview Content */,
			);
			path = ToDo;
			sourceTree = "<group>";
		};
		9329E4202CABA52400E68117 /* Preview Content */ = {
			isa = PBXGroup;
			children = (
				9329E4212CABA52400E68117 /* Preview Assets.xcassets */,
			);
			path = "Preview Content";
			sourceTree = "<group>";
		};
		9329E4302CABA52500E68117 /* ToDoTests */ = {
			isa = PBXGroup;
			children = (
				9329E4312CABA52500E68117 /* ToDoTests.swift */,
			);
			path = ToDoTests;
			sourceTree = "<group>";
		};
		9329E43A2CABA52500E68117 /* ToDoUITests */ = {
			isa = PBXGroup;
			children = (
				9329E43B2CABA52500E68117 /* ToDoUITests.swift */,
				9329E43D2CABA52500E68117 /* ToDoUITestsLaunchTests.swift */,
			);
			path = ToDoUITests;
			sourceTree = "<group>";
		};
		93A710C02CB3958900385867 /* Contents */ = {
			isa = PBXGroup;
			children = (
				9329E41C2CABA52000E68117 /* ContentView.swift */,
				93A710BE2CB3955300385867 /* DetailView.swift */,
				9327184A2CB2733700C62DCA /* AddNewFormView.swift */,
			);
			path = Contents;
			sourceTree = "<group>";
		};
/* End PBXGroup section */

/* Begin PBXNativeTarget section */
		9329E4162CABA52000E68117 /* ToDo */ = {
			isa = PBXNativeTarget;
			buildConfigurationList = 9329E4412CABA52500E68117 /* Build configuration list for PBXNativeTarget "ToDo" */;
			buildPhases = (
				9329E4132CABA52000E68117 /* Sources */,
				9329E4142CABA52000E68117 /* Frameworks */,
				9329E4152CABA52000E68117 /* Resources */,
			);
			buildRules = (
			);
			dependencies = (
			);
			name = ToDo;
			productName = ToDo;
			productReference = 9329E4172CABA52000E68117 /* ToDo.app */;
			productType = "com.apple.product-type.application";
		};
		9329E42C2CABA52500E68117 /* ToDoTests */ = {
			isa = PBXNativeTarget;
			buildConfigurationList = 9329E4442CABA52500E68117 /* Build configuration list for PBXNativeTarget "ToDoTests" */;
			buildPhases = (
				9329E4292CABA52500E68117 /* Sources */,
				9329E42A2CABA52500E68117 /* Frameworks */,
				9329E42B2CABA52500E68117 /* Resources */,
			);
			buildRules = (
			);
			dependencies = (
				9329E42F2CABA52500E68117 /* PBXTargetDependency */,
			);
			name = ToDoTests;
			productName = ToDoTests;
			productReference = 9329E42D2CABA52500E68117 /* ToDoTests.xctest */;
			productType = "com.apple.product-type.bundle.unit-test";
		};
		9329E4362CABA52500E68117 /* ToDoUITests */ = {
			isa = PBXNativeTarget;
			buildConfigurationList = 9329E4472CABA52500E68117 /* Build configuration list for PBXNativeTarget "ToDoUITests" */;
			buildPhases = (
				9329E4332CABA52500E68117 /* Sources */,
				9329E4342CABA52500E68117 /* Frameworks */,
				9329E4352CABA52500E68117 /* Resources */,
			);
			buildRules = (
			);
			dependencies = (
				9329E4392CABA52500E68117 /* PBXTargetDependency */,
			);
			name = ToDoUITests;
			productName = ToDoUITests;
			productReference = 9329E4372CABA52500E68117 /* ToDoUITests.xctest */;
			productType = "com.apple.product-type.bundle.ui-testing";
		};
/* End PBXNativeTarget section */

/* Begin PBXProject section */
		9329E40F2CABA52000E68117 /* Project object */ = {
			isa = PBXProject;
			attributes = {
				BuildIndependentTargetsInParallel = 1;
				LastSwiftUpdateCheck = 1400;
				LastUpgradeCheck = 1400;
				TargetAttributes = {
					9329E4162CABA52000E68117 = {
						CreatedOnToolsVersion = 14.0;
					};
					9329E42C2CABA52500E68117 = {
						CreatedOnToolsVersion = 14.0;
						TestTargetID = 9329E4162CABA52000E68117;
					};
					9329E4362CABA52500E68117 = {
						CreatedOnToolsVersion = 14.0;
						TestTargetID = 9329E4162CABA52000E68117;
					};
				};
			};
			buildConfigurationList = 9329E4122CABA52000E68117 /* Build configuration list for PBXProject "ToDo" */;
			compatibilityVersion = "Xcode 14.0";
			developmentRegion = en;
			hasScannedForEncodings = 0;
			knownRegions = (
				en,
				Base,
			);
			mainGroup = 9329E40E2CABA52000E68117;
			productRefGroup = 9329E4182CABA52000E68117 /* Products */;
			projectDirPath = "";
			projectRoot = "";
			targets = (
				9329E4162CABA52000E68117 /* ToDo */,
				9329E42C2CABA52500E68117 /* ToDoTests */,
				9329E4362CABA52500E68117 /* ToDoUITests */,
			);
		};
/* End PBXProject section */

/* Begin PBXResourcesBuildPhase section */
		9329E4152CABA52000E68117 /* Resources */ = {
			isa = PBXResourcesBuildPhase;
			buildActionMask = 2147483647;
			files = (
				9329E4222CABA52400E68117 /* Preview Assets.xcassets in Resources */,
				9329E41F2CABA52400E68117 /* Assets.xcassets in Resources */,
			);
			runOnlyForDeploymentPostprocessing = 0;
		};
		9329E42B2CABA52500E68117 /* Resources */ = {
			isa = PBXResourcesBuildPhase;
			buildActionMask = 2147483647;
			files = (
			);
			runOnlyForDeploymentPostprocessing = 0;
		};
		9329E4352CABA52500E68117 /* Resources */ = {
			isa = PBXResourcesBuildPhase;
			buildActionMask = 2147483647;
			files = (
			);
			runOnlyForDeploymentPostprocessing = 0;
		};
/* End PBXResourcesBuildPhase section */

/* Begin PBXSourcesBuildPhase section */
		9329E4132CABA52000E68117 /* Sources */ = {
			isa = PBXSourcesBuildPhase;
			buildActionMask = 2147483647;
			files = (
				9329E4242CABA52400E68117 /* Persistence.swift in Sources */,
				932718492CB267E500C62DCA /* SettingView.swift in Sources */,
				932718472CB267CE00C62DCA /* OpenView.swift in Sources */,
				9327184D2CB27B6300C62DCA /* DataFile.swift in Sources */,
				9316DA1B2CB24E7B0028885C /* StateMachine.swift in Sources */,
				9316DA1D2CB24FF60028885C /* AddNewView.swift in Sources */,
				9327184B2CB2733700C62DCA /* AddNewFormView.swift in Sources */,
				93A710BF2CB3955300385867 /* DetailView.swift in Sources */,
				9329E41D2CABA52000E68117 /* ContentView.swift in Sources */,
				9329E41B2CABA52000E68117 /* ToDoApp.swift in Sources */,
				9316DA192CB23AC80028885C /* HomeView.swift in Sources */,
				9329E4272CABA52400E68117 /* ToDo.xcdatamodeld in Sources */,
				9316DA1F2CB253530028885C /* EnvVariables.swift in Sources */,
			);
			runOnlyForDeploymentPostprocessing = 0;
		};
		9329E4292CABA52500E68117 /* Sources */ = {
			isa = PBXSourcesBuildPhase;
			buildActionMask = 2147483647;
			files = (
				9329E4322CABA52500E68117 /* ToDoTests.swift in Sources */,
			);
			runOnlyForDeploymentPostprocessing = 0;
		};
		9329E4332CABA52500E68117 /* Sources */ = {
			isa = PBXSourcesBuildPhase;
			buildActionMask = 2147483647;
			files = (
				9329E43E2CABA52500E68117 /* ToDoUITestsLaunchTests.swift in Sources */,
				9329E43C2CABA52500E68117 /* ToDoUITests.swift in Sources */,
			);
			runOnlyForDeploymentPostprocessing = 0;
		};
/* End PBXSourcesBuildPhase section */

/* Begin PBXTargetDependency section */
		9329E42F2CABA52500E68117 /* PBXTargetDependency */ = {
			isa = PBXTargetDependency;
			target = 9329E4162CABA52000E68117 /* ToDo */;
			targetProxy = 9329E42E2CABA52500E68117 /* PBXContainerItemProxy */;
		};
		9329E4392CABA52500E68117 /* PBXTargetDependency */ = {
			isa = PBXTargetDependency;
			target = 9329E4162CABA52000E68117 /* ToDo */;
			targetProxy = 9329E4382CABA52500E68117 /* PBXContainerItemProxy */;
		};
/* End PBXTargetDependency section */

/* Begin XCBuildConfiguration section */
		9329E43F2CABA52500E68117 /* Debug */ = {
			isa = XCBuildConfiguration;
			buildSettings = {
				ALWAYS_SEARCH_USER_PATHS = NO;
				CLANG_ANALYZER_NONNULL = YES;
				CLANG_ANALYZER_NUMBER_OBJECT_CONVERSION = YES_AGGRESSIVE;
				CLANG_CXX_LANGUAGE_STANDARD = "gnu++20";
				CLANG_ENABLE_MODULES = YES;
				CLANG_ENABLE_OBJC_ARC = YES;
				CLANG_ENABLE_OBJC_WEAK = YES;
				CLANG_WARN_BLOCK_CAPTURE_AUTORELEASING = YES;
				CLANG_WARN_BOOL_CONVERSION = YES;
				CLANG_WARN_COMMA = YES;
				CLANG_WARN_CONSTANT_CONVERSION = YES;
				CLANG_WARN_DEPRECATED_OBJC_IMPLEMENTATIONS = YES;
				CLANG_WARN_DIRECT_OBJC_ISA_USAGE = YES_ERROR;
				CLANG_WARN_DOCUMENTATION_COMMENTS = YES;
				CLANG_WARN_EMPTY_BODY = YES;
				CLANG_WARN_ENUM_CONVERSION = YES;
				CLANG_WARN_INFINITE_RECURSION = YES;
				CLANG_WARN_INT_CONVERSION = YES;
				CLANG_WARN_NON_LITERAL_NULL_CONVERSION = YES;
				CLANG_WARN_OBJC_IMPLICIT_RETAIN_SELF = YES;
				CLANG_WARN_OBJC_LITERAL_CONVERSION = YES;
				CLANG_WARN_OBJC_ROOT_CLASS = YES_ERROR;
				CLANG_WARN_QUOTED_INCLUDE_IN_FRAMEWORK_HEADER = YES;
				CLANG_WARN_RANGE_LOOP_ANALYSIS = YES;
				CLANG_WARN_STRICT_PROTOTYPES = YES;
				CLANG_WARN_SUSPICIOUS_MOVE = YES;
				CLANG_WARN_UNGUARDED_AVAILABILITY = YES_AGGRESSIVE;
				CLANG_WARN_UNREACHABLE_CODE = YES;
				CLANG_WARN__DUPLICATE_METHOD_MATCH = YES;
				COPY_PHASE_STRIP = NO;
				DEBUG_INFORMATION_FORMAT = dwarf;
				ENABLE_STRICT_OBJC_MSGSEND = YES;
				ENABLE_TESTABILITY = YES;
				GCC_C_LANGUAGE_STANDARD = gnu11;
				GCC_DYNAMIC_NO_PIC = NO;
				GCC_NO_COMMON_BLOCKS = YES;
				GCC_OPTIMIZATION_LEVEL = 0;
				GCC_PREPROCESSOR_DEFINITIONS = (
					"DEBUG=1",
					"$(inherited)",
				);
				GCC_WARN_64_TO_32_BIT_CONVERSION = YES;
				GCC_WARN_ABOUT_RETURN_TYPE = YES_ERROR;
				GCC_WARN_UNDECLARED_SELECTOR = YES;
				GCC_WARN_UNINITIALIZED_AUTOS = YES_AGGRESSIVE;
				GCC_WARN_UNUSED_FUNCTION = YES;
				GCC_WARN_UNUSED_VARIABLE = YES;
				IPHONEOS_DEPLOYMENT_TARGET = 16.0;
				MTL_ENABLE_DEBUG_INFO = INCLUDE_SOURCE;
				MTL_FAST_MATH = YES;
				ONLY_ACTIVE_ARCH = YES;
				SDKROOT = iphoneos;
				SWIFT_ACTIVE_COMPILATION_CONDITIONS = DEBUG;
				SWIFT_OPTIMIZATION_LEVEL = "-Onone";
			};
			name = Debug;
		};
		9329E4402CABA52500E68117 /* Release */ = {
			isa = XCBuildConfiguration;
			buildSettings = {
				ALWAYS_SEARCH_USER_PATHS = NO;
				CLANG_ANALYZER_NONNULL = YES;
				CLANG_ANALYZER_NUMBER_OBJECT_CONVERSION = YES_AGGRESSIVE;
				CLANG_CXX_LANGUAGE_STANDARD = "gnu++20";
				CLANG_ENABLE_MODULES = YES;
				CLANG_ENABLE_OBJC_ARC = YES;
				CLANG_ENABLE_OBJC_WEAK = YES;
				CLANG_WARN_BLOCK_CAPTURE_AUTORELEASING = YES;
				CLANG_WARN_BOOL_CONVERSION = YES;
				CLANG_WARN_COMMA = YES;
				CLANG_WARN_CONSTANT_CONVERSION = YES;
				CLANG_WARN_DEPRECATED_OBJC_IMPLEMENTATIONS = YES;
				CLANG_WARN_DIRECT_OBJC_ISA_USAGE = YES_ERROR;
				CLANG_WARN_DOCUMENTATION_COMMENTS = YES;
				CLANG_WARN_EMPTY_BODY = YES;
				CLANG_WARN_ENUM_CONVERSION = YES;
				CLANG_WARN_INFINITE_RECURSION = YES;
				CLANG_WARN_INT_CONVERSION = YES;
				CLANG_WARN_NON_LITERAL_NULL_CONVERSION = YES;
				CLANG_WARN_OBJC_IMPLICIT_RETAIN_SELF = YES;
				CLANG_WARN_OBJC_LITERAL_CONVERSION = YES;
				CLANG_WARN_OBJC_ROOT_CLASS = YES_ERROR;
				CLANG_WARN_QUOTED_INCLUDE_IN_FRAMEWORK_HEADER = YES;
				CLANG_WARN_RANGE_LOOP_ANALYSIS = YES;
				CLANG_WARN_STRICT_PROTOTYPES = YES;
				CLANG_WARN_SUSPICIOUS_MOVE = YES;
				CLANG_WARN_UNGUARDED_AVAILABILITY = YES_AGGRESSIVE;
				CLANG_WARN_UNREACHABLE_CODE = YES;
				CLANG_WARN__DUPLICATE_METHOD_MATCH = YES;
				COPY_PHASE_STRIP = NO;
				DEBUG_INFORMATION_FORMAT = "dwarf-with-dsym";
				ENABLE_NS_ASSERTIONS = NO;
				ENABLE_STRICT_OBJC_MSGSEND = YES;
				GCC_C_LANGUAGE_STANDARD = gnu11;
				GCC_NO_COMMON_BLOCKS = YES;
				GCC_WARN_64_TO_32_BIT_CONVERSION = YES;
				GCC_WARN_ABOUT_RETURN_TYPE = YES_ERROR;
				GCC_WARN_UNDECLARED_SELECTOR = YES;
				GCC_WARN_UNINITIALIZED_AUTOS = YES_AGGRESSIVE;
				GCC_WARN_UNUSED_FUNCTION = YES;
				GCC_WARN_UNUSED_VARIABLE = YES;
				IPHONEOS_DEPLOYMENT_TARGET = 16.0;
				MTL_ENABLE_DEBUG_INFO = NO;
				MTL_FAST_MATH = YES;
				SDKROOT = iphoneos;
				SWIFT_COMPILATION_MODE = wholemodule;
				SWIFT_OPTIMIZATION_LEVEL = "-O";
				VALIDATE_PRODUCT = YES;
			};
			name = Release;
		};
		9329E4422CABA52500E68117 /* Debug */ = {
			isa = XCBuildConfiguration;
			buildSettings = {
				ASSETCATALOG_COMPILER_APPICON_NAME = AppIcon;
				ASSETCATALOG_COMPILER_GLOBAL_ACCENT_COLOR_NAME = AccentColor;
				CODE_SIGN_STYLE = Automatic;
				CURRENT_PROJECT_VERSION = 1;
				DEVELOPMENT_ASSET_PATHS = "\"ToDo/Preview Content\"";
				DEVELOPMENT_TEAM = 7X34FCFJDN;
				ENABLE_PREVIEWS = YES;
				GENERATE_INFOPLIST_FILE = YES;
				INFOPLIST_KEY_UIApplicationSceneManifest_Generation = YES;
				INFOPLIST_KEY_UIApplicationSupportsIndirectInputEvents = YES;
				INFOPLIST_KEY_UILaunchScreen_Generation = YES;
				INFOPLIST_KEY_UIRequiresFullScreen = YES;
				INFOPLIST_KEY_UISupportedInterfaceOrientations = "UIInterfaceOrientationLandscapeLeft UIInterfaceOrientationLandscapeRight";
				LD_RUNPATH_SEARCH_PATHS = (
					"$(inherited)",
					"@executable_path/Frameworks",
				);
				MARKETING_VERSION = 1.0;
				PRODUCT_BUNDLE_IDENTIFIER = family.ToDo;
				PRODUCT_NAME = "$(TARGET_NAME)";
				SWIFT_EMIT_LOC_STRINGS = YES;
				SWIFT_VERSION = 5.0;
				TARGETED_DEVICE_FAMILY = "1,2";
			};
			name = Debug;
		};
		9329E4432CABA52500E68117 /* Release */ = {
			isa = XCBuildConfiguration;
			buildSettings = {
				ASSETCATALOG_COMPILER_APPICON_NAME = AppIcon;
				ASSETCATALOG_COMPILER_GLOBAL_ACCENT_COLOR_NAME = AccentColor;
				CODE_SIGN_STYLE = Automatic;
				CURRENT_PROJECT_VERSION = 1;
				DEVELOPMENT_ASSET_PATHS = "\"ToDo/Preview Content\"";
				DEVELOPMENT_TEAM = 7X34FCFJDN;
				ENABLE_PREVIEWS = YES;
				GENERATE_INFOPLIST_FILE = YES;
				INFOPLIST_KEY_UIApplicationSceneManifest_Generation = YES;
				INFOPLIST_KEY_UIApplicationSupportsIndirectInputEvents = YES;
				INFOPLIST_KEY_UILaunchScreen_Generation = YES;
				INFOPLIST_KEY_UIRequiresFullScreen = YES;
				INFOPLIST_KEY_UISupportedInterfaceOrientations = "UIInterfaceOrientationLandscapeLeft UIInterfaceOrientationLandscapeRight";
				LD_RUNPATH_SEARCH_PATHS = (
					"$(inherited)",
					"@executable_path/Frameworks",
				);
				MARKETING_VERSION = 1.0;
				PRODUCT_BUNDLE_IDENTIFIER = family.ToDo;
				PRODUCT_NAME = "$(TARGET_NAME)";
				SWIFT_EMIT_LOC_STRINGS = YES;
				SWIFT_VERSION = 5.0;
				TARGETED_DEVICE_FAMILY = "1,2";
			};
			name = Release;
		};
		9329E4452CABA52500E68117 /* Debug */ = {
			isa = XCBuildConfiguration;
			buildSettings = {
				ALWAYS_EMBED_SWIFT_STANDARD_LIBRARIES = YES;
				BUNDLE_LOADER = "$(TEST_HOST)";
				CODE_SIGN_STYLE = Automatic;
				CURRENT_PROJECT_VERSION = 1;
				DEVELOPMENT_TEAM = 7X34FCFJDN;
				GENERATE_INFOPLIST_FILE = YES;
				IPHONEOS_DEPLOYMENT_TARGET = 16.0;
				MARKETING_VERSION = 1.0;
				PRODUCT_BUNDLE_IDENTIFIER = family.ToDoTests;
				PRODUCT_NAME = "$(TARGET_NAME)";
				SWIFT_EMIT_LOC_STRINGS = NO;
				SWIFT_VERSION = 5.0;
				TARGETED_DEVICE_FAMILY = "1,2";
				TEST_HOST = "$(BUILT_PRODUCTS_DIR)/ToDo.app/$(BUNDLE_EXECUTABLE_FOLDER_PATH)/ToDo";
			};
			name = Debug;
		};
		9329E4462CABA52500E68117 /* Release */ = {
			isa = XCBuildConfiguration;
			buildSettings = {
				ALWAYS_EMBED_SWIFT_STANDARD_LIBRARIES = YES;
				BUNDLE_LOADER = "$(TEST_HOST)";
				CODE_SIGN_STYLE = Automatic;
				CURRENT_PROJECT_VERSION = 1;
				DEVELOPMENT_TEAM = 7X34FCFJDN;
				GENERATE_INFOPLIST_FILE = YES;
				IPHONEOS_DEPLOYMENT_TARGET = 16.0;
				MARKETING_VERSION = 1.0;
				PRODUCT_BUNDLE_IDENTIFIER = family.ToDoTests;
				PRODUCT_NAME = "$(TARGET_NAME)";
				SWIFT_EMIT_LOC_STRINGS = NO;
				SWIFT_VERSION = 5.0;
				TARGETED_DEVICE_FAMILY = "1,2";
				TEST_HOST = "$(BUILT_PRODUCTS_DIR)/ToDo.app/$(BUNDLE_EXECUTABLE_FOLDER_PATH)/ToDo";
			};
			name = Release;
		};
		9329E4482CABA52500E68117 /* Debug */ = {
			isa = XCBuildConfiguration;
			buildSettings = {
				ALWAYS_EMBED_SWIFT_STANDARD_LIBRARIES = YES;
				CODE_SIGN_STYLE = Automatic;
				CURRENT_PROJECT_VERSION = 1;
				DEVELOPMENT_TEAM = 7X34FCFJDN;
				GENERATE_INFOPLIST_FILE = YES;
				MARKETING_VERSION = 1.0;
				PRODUCT_BUNDLE_IDENTIFIER = family.ToDoUITests;
				PRODUCT_NAME = "$(TARGET_NAME)";
				SWIFT_EMIT_LOC_STRINGS = NO;
				SWIFT_VERSION = 5.0;
				TARGETED_DEVICE_FAMILY = "1,2";
				TEST_TARGET_NAME = ToDo;
			};
			name = Debug;
		};
		9329E4492CABA52500E68117 /* Release */ = {
			isa = XCBuildConfiguration;
			buildSettings = {
				ALWAYS_EMBED_SWIFT_STANDARD_LIBRARIES = YES;
				CODE_SIGN_STYLE = Automatic;
				CURRENT_PROJECT_VERSION = 1;
				DEVELOPMENT_TEAM = 7X34FCFJDN;
				GENERATE_INFOPLIST_FILE = YES;
				MARKETING_VERSION = 1.0;
				PRODUCT_BUNDLE_IDENTIFIER = family.ToDoUITests;
				PRODUCT_NAME = "$(TARGET_NAME)";
				SWIFT_EMIT_LOC_STRINGS = NO;
				SWIFT_VERSION = 5.0;
				TARGETED_DEVICE_FAMILY = "1,2";
				TEST_TARGET_NAME = ToDo;
			};
			name = Release;
		};
/* End XCBuildConfiguration section */

/* Begin XCConfigurationList section */
		9329E4122CABA52000E68117 /* Build configuration list for PBXProject "ToDo" */ = {
			isa = XCConfigurationList;
			buildConfigurations = (
				9329E43F2CABA52500E68117 /* Debug */,
				9329E4402CABA52500E68117 /* Release */,
			);
			defaultConfigurationIsVisible = 0;
			defaultConfigurationName = Release;
		};
		9329E4412CABA52500E68117 /* Build configuration list for PBXNativeTarget "ToDo" */ = {
			isa = XCConfigurationList;
			buildConfigurations = (
				9329E4422CABA52500E68117 /* Debug */,
				9329E4432CABA52500E68117 /* Release */,
			);
			defaultConfigurationIsVisible = 0;
			defaultConfigurationName = Release;
		};
		9329E4442CABA52500E68117 /* Build configuration list for PBXNativeTarget "ToDoTests" */ = {
			isa = XCConfigurationList;
			buildConfigurations = (
				9329E4452CABA52500E68117 /* Debug */,
				9329E4462CABA52500E68117 /* Release */,
			);
			defaultConfigurationIsVisible = 0;
			defaultConfigurationName = Release;
		};
		9329E4472CABA52500E68117 /* Build configuration list for PBXNativeTarget "ToDoUITests" */ = {
			isa = XCConfigurationList;
			buildConfigurations = (
				9329E4482CABA52500E68117 /* Debug */,
				9329E4492CABA52500E68117 /* Release */,
			);
			defaultConfigurationIsVisible = 0;
			defaultConfigurationName = Release;
		};
/* End XCConfigurationList section */

/* Begin XCVersionGroup section */
		9329E4252CABA52400E68117 /* ToDo.xcdatamodeld */ = {
			isa = XCVersionGroup;
			children = (
				9329E4262CABA52400E68117 /* ToDo.xcdatamodel */,
			);
			currentVersion = 9329E4262CABA52400E68117 /* ToDo.xcdatamodel */;
			path = ToDo.xcdatamodeld;
			sourceTree = "<group>";
			versionGroupType = wrapper.xcdatamodel;
		};
/* End XCVersionGroup section */
	};
	rootObject = 9329E40F2CABA52000E68117 /* Project object */;
}
